// !$*UTF8*$!
{
	archiveVersion = 1;
	classes = {
	};
	objectVersion = 46;
	objects = {

/* Begin PBXBuildFile section */
		814F3427206EAA7B00C8BB33 /* fullscreen_icon.png in Resources */ = {isa = PBXBuildFile; fileRef = 814F3426206EAA7B00C8BB33 /* fullscreen_icon.png */; };
		814F342B206EAFD500C8BB33 /* customscreen_icon.png in Resources */ = {isa = PBXBuildFile; fileRef = 814F342A206EAFD500C8BB33 /* customscreen_icon.png */; };
		81F036E6206EDB2D0006FC8D /* MainWindowController.swift in Sources */ = {isa = PBXBuildFile; fileRef = 81F036E5206EDB2D0006FC8D /* MainWindowController.swift */; };
		81F036E8206F6BDA0006FC8D /* settings_icon.png in Resources */ = {isa = PBXBuildFile; fileRef = 81F036E7206F6BDA0006FC8D /* settings_icon.png */; };
		81F036F2206F70AF0006FC8D /* SettingsWindowController.swift in Sources */ = {isa = PBXBuildFile; fileRef = 81F036F1206F70AF0006FC8D /* SettingsWindowController.swift */; };
		81F036F4206F71800006FC8D /* Settings.storyboard in Resources */ = {isa = PBXBuildFile; fileRef = 81F036F3206F71800006FC8D /* Settings.storyboard */; };
		DE4DB1A52B264421CB48D424 /* ViewController.swift in Sources */ = {isa = PBXBuildFile; fileRef = DE4DB36752DC2B1A2352B788 /* ViewController.swift */; };
		DE4DB2F26B12EF6AD1CE764E /* save_icon.png in Resources */ = {isa = PBXBuildFile; fileRef = DE4DB2B4A078FCE02F5AE5AB /* save_icon.png */; };
		DE4DB3E09B1F53CB7E87DF8B /* AppDelegate.swift in Sources */ = {isa = PBXBuildFile; fileRef = DE4DB1A8896FBB2FBEEA19F8 /* AppDelegate.swift */; };
		DE4DB44BB8485EB3366038B8 /* Assets.xcassets in Resources */ = {isa = PBXBuildFile; fileRef = DE4DB9A6B0B02D155144A6C9 /* Assets.xcassets */; };
		DE4DB6C7E603859EDEBE9D52 /* Titles.swift in Sources */ = {isa = PBXBuildFile; fileRef = DE4DBC711C3ADC6FD2A34A74 /* Titles.swift */; };
		DE4DB82EF62DADA7A722B9CC /* ApplicationStoryboards.swift in Sources */ = {isa = PBXBuildFile; fileRef = DE4DB0E32CB20A524FB0F06A /* ApplicationStoryboards.swift */; };
		DE4DB945E2CD8B438C8804A7 /* Main.storyboard in Resources */ = {isa = PBXBuildFile; fileRef = DE4DBFA8165C5E286CF146CC /* Main.storyboard */; };
		DE4DBF5DA10357296068B7F5 /* BalooScreenApplicatonUITests.swift in Sources */ = {isa = PBXBuildFile; fileRef = DE4DB33DD577ADEFD4E6C3FE /* BalooScreenApplicatonUITests.swift */; };
		DE4DBFB24C2F53EC49D6F606 /* BalooScreenApplicatonTests.swift in Sources */ = {isa = PBXBuildFile; fileRef = DE4DBC6E580CAB87EAD10D46 /* BalooScreenApplicatonTests.swift */; };
/* End PBXBuildFile section */

/* Begin PBXContainerItemProxy section */
		DE4DB199BD69079150527FF7 /* PBXContainerItemProxy */ = {
			isa = PBXContainerItemProxy;
			containerPortal = DE4DBC67EA5468B340C1A4C6 /* Project object */;
			proxyType = 1;
			remoteGlobalIDString = DE4DB7BC6D2CAF8F06DBBF11;
			remoteInfo = BalooScreenApplicaton;
		};
		DE4DBF8DAB3F46249C5FA8D1 /* PBXContainerItemProxy */ = {
			isa = PBXContainerItemProxy;
			containerPortal = DE4DBC67EA5468B340C1A4C6 /* Project object */;
			proxyType = 1;
			remoteGlobalIDString = DE4DB7BC6D2CAF8F06DBBF11;
			remoteInfo = BalooScreenApplicaton;
		};
/* End PBXContainerItemProxy section */

/* Begin PBXFileReference section */
		814F3426206EAA7B00C8BB33 /* fullscreen_icon.png */ = {isa = PBXFileReference; lastKnownFileType = image.png; path = fullscreen_icon.png; sourceTree = "<group>"; };
		814F342A206EAFD500C8BB33 /* customscreen_icon.png */ = {isa = PBXFileReference; lastKnownFileType = image.png; path = customscreen_icon.png; sourceTree = "<group>"; };
		81F036E5206EDB2D0006FC8D /* MainWindowController.swift */ = {isa = PBXFileReference; lastKnownFileType = sourcecode.swift; path = MainWindowController.swift; sourceTree = "<group>"; };
		81F036E7206F6BDA0006FC8D /* settings_icon.png */ = {isa = PBXFileReference; lastKnownFileType = image.png; path = settings_icon.png; sourceTree = "<group>"; };
		81F036F1206F70AF0006FC8D /* SettingsWindowController.swift */ = {isa = PBXFileReference; lastKnownFileType = sourcecode.swift; path = SettingsWindowController.swift; sourceTree = "<group>"; };
		81F036F3206F71800006FC8D /* Settings.storyboard */ = {isa = PBXFileReference; lastKnownFileType = file.storyboard; path = Settings.storyboard; sourceTree = "<group>"; };
		DE4DB0E32CB20A524FB0F06A /* ApplicationStoryboards.swift */ = {isa = PBXFileReference; fileEncoding = 4; lastKnownFileType = sourcecode.swift; path = ApplicationStoryboards.swift; sourceTree = "<group>"; };
		DE4DB11296ABCB00FF81A0D7 /* Info.plist */ = {isa = PBXFileReference; lastKnownFileType = text.plist.info; path = Info.plist; sourceTree = "<group>"; };
		DE4DB1A8896FBB2FBEEA19F8 /* AppDelegate.swift */ = {isa = PBXFileReference; lastKnownFileType = sourcecode.swift; path = AppDelegate.swift; sourceTree = "<group>"; };
		DE4DB2B4A078FCE02F5AE5AB /* save_icon.png */ = {isa = PBXFileReference; lastKnownFileType = image.png; path = save_icon.png; sourceTree = "<group>"; };
		DE4DB33DD577ADEFD4E6C3FE /* BalooScreenApplicatonUITests.swift */ = {isa = PBXFileReference; lastKnownFileType = sourcecode.swift; path = BalooScreenApplicatonUITests.swift; sourceTree = "<group>"; };
		DE4DB36752DC2B1A2352B788 /* ViewController.swift */ = {isa = PBXFileReference; fileEncoding = 4; lastKnownFileType = sourcecode.swift; path = ViewController.swift; sourceTree = "<group>"; };
		DE4DB3AF2B8B5F2F508B8233 /* BalooScreenApplicatonUITests.xctest */ = {isa = PBXFileReference; explicitFileType = wrapper.cfbundle; includeInIndex = 0; path = BalooScreenApplicatonUITests.xctest; sourceTree = BUILT_PRODUCTS_DIR; };
		DE4DB7EB18F26C2F7B01AD01 /* BalooScreenApplicaton.app */ = {isa = PBXFileReference; explicitFileType = wrapper.application; includeInIndex = 0; path = BalooScreenApplicaton.app; sourceTree = BUILT_PRODUCTS_DIR; };
		DE4DB9A6B0B02D155144A6C9 /* Assets.xcassets */ = {isa = PBXFileReference; lastKnownFileType = folder.assetcatalog; path = Assets.xcassets; sourceTree = "<group>"; };
		DE4DBB58EACBA7B3CD0AD780 /* Base */ = {isa = PBXFileReference; lastKnownFileType = file.storyboard; name = Base; path = Base.lproj/Main.storyboard; sourceTree = "<group>"; };
		DE4DBBD1457C93271036616A /* Info.plist */ = {isa = PBXFileReference; lastKnownFileType = text.plist.info; path = Info.plist; sourceTree = "<group>"; };
		DE4DBBEDC8027E54EDEA6205 /* Info.plist */ = {isa = PBXFileReference; lastKnownFileType = text.plist.info; path = Info.plist; sourceTree = "<group>"; };
		DE4DBC6E580CAB87EAD10D46 /* BalooScreenApplicatonTests.swift */ = {isa = PBXFileReference; lastKnownFileType = sourcecode.swift; path = BalooScreenApplicatonTests.swift; sourceTree = "<group>"; };
		DE4DBC711C3ADC6FD2A34A74 /* Titles.swift */ = {isa = PBXFileReference; fileEncoding = 4; lastKnownFileType = sourcecode.swift; path = Titles.swift; sourceTree = "<group>"; };
		DE4DBF08D71C50AFABC464B6 /* BalooScreenApplicaton.entitlements */ = {isa = PBXFileReference; lastKnownFileType = text.plist.entitlements; path = BalooScreenApplicaton.entitlements; sourceTree = "<group>"; };
		DE4DBF9EAF70049E409F21D1 /* BalooScreenApplicatonTests.xctest */ = {isa = PBXFileReference; explicitFileType = wrapper.cfbundle; includeInIndex = 0; path = BalooScreenApplicatonTests.xctest; sourceTree = BUILT_PRODUCTS_DIR; };
/* End PBXFileReference section */

/* Begin PBXFrameworksBuildPhase section */
		DE4DB444FDCB79F9DCE6FA6F /* Frameworks */ = {
			isa = PBXFrameworksBuildPhase;
			buildActionMask = 2147483647;
			files = (
			);
			runOnlyForDeploymentPostprocessing = 0;
		};
		DE4DBA130A0609CEC6D35B64 /* Frameworks */ = {
			isa = PBXFrameworksBuildPhase;
			buildActionMask = 2147483647;
			files = (
			);
			runOnlyForDeploymentPostprocessing = 0;
		};
		DE4DBF330F430918614CA4F9 /* Frameworks */ = {
			isa = PBXFrameworksBuildPhase;
			buildActionMask = 2147483647;
			files = (
			);
			runOnlyForDeploymentPostprocessing = 0;
		};
/* End PBXFrameworksBuildPhase section */

/* Begin PBXGroup section */
		81F036F5206F718F0006FC8D /* storyboards */ = {
			isa = PBXGroup;
			children = (
				DE4DBFA8165C5E286CF146CC /* Main.storyboard */,
				81F036F3206F71800006FC8D /* Settings.storyboard */,
			);
			path = storyboards;
			sourceTree = "<group>";
		};
		DE4DB1693D6C01F3E9831710 /* controllers */ = {
			isa = PBXGroup;
			children = (
				81F036E5206EDB2D0006FC8D /* MainWindowController.swift */,
				DE4DB36752DC2B1A2352B788 /* ViewController.swift */,
				81F036F1206F70AF0006FC8D /* SettingsWindowController.swift */,
			);
			path = controllers;
			sourceTree = "<group>";
		};
		DE4DB2B742F499A000CB2D51 /* BalooScreenApplicatonUITests */ = {
			isa = PBXGroup;
			children = (
				DE4DBBEDC8027E54EDEA6205 /* Info.plist */,
				DE4DB33DD577ADEFD4E6C3FE /* BalooScreenApplicatonUITests.swift */,
			);
			path = BalooScreenApplicatonUITests;
			sourceTree = "<group>";
		};
		DE4DB2CF2AA6DA7018A90445 /* images */ = {
			isa = PBXGroup;
			children = (
				81F036E7206F6BDA0006FC8D /* settings_icon.png */,
				814F342A206EAFD500C8BB33 /* customscreen_icon.png */,
				814F3426206EAA7B00C8BB33 /* fullscreen_icon.png */,
				DE4DB2B4A078FCE02F5AE5AB /* save_icon.png */,
			);
			path = images;
			sourceTree = SOURCE_ROOT;
		};
		DE4DB4A75AACAAAFCBDB4106 = {
			isa = PBXGroup;
			children = (
				DE4DBDADBB4B9D9CB00E81D9 /* Products */,
				DE4DB9039C6BA8D100C1279B /* BalooScreenApplicaton */,
				DE4DB5D83CA8AF59471AB413 /* BalooScreenApplicatonTests */,
				DE4DB2B742F499A000CB2D51 /* BalooScreenApplicatonUITests */,
			);
			sourceTree = "<group>";
		};
		DE4DB5D83CA8AF59471AB413 /* BalooScreenApplicatonTests */ = {
			isa = PBXGroup;
			children = (
				DE4DB11296ABCB00FF81A0D7 /* Info.plist */,
				DE4DBC6E580CAB87EAD10D46 /* BalooScreenApplicatonTests.swift */,
			);
			path = BalooScreenApplicatonTests;
			sourceTree = "<group>";
		};
		DE4DB78B0A4F34492D8D0264 /* configuration */ = {
			isa = PBXGroup;
			children = (
				DE4DBC711C3ADC6FD2A34A74 /* Titles.swift */,
				DE4DB0E32CB20A524FB0F06A /* ApplicationStoryboards.swift */,
			);
			path = configuration;
			sourceTree = "<group>";
		};
		DE4DB9039C6BA8D100C1279B /* BalooScreenApplicaton */ = {
			isa = PBXGroup;
			children = (
				81F036F5206F718F0006FC8D /* storyboards */,
				DE4DBBD1457C93271036616A /* Info.plist */,
				DE4DB9A6B0B02D155144A6C9 /* Assets.xcassets */,
				DE4DBF08D71C50AFABC464B6 /* BalooScreenApplicaton.entitlements */,
				DE4DB1A8896FBB2FBEEA19F8 /* AppDelegate.swift */,
				DE4DB1693D6C01F3E9831710 /* controllers */,
				DE4DB2CF2AA6DA7018A90445 /* images */,
				DE4DB78B0A4F34492D8D0264 /* configuration */,
			);
			path = BalooScreenApplicaton;
			sourceTree = "<group>";
		};
		DE4DBDADBB4B9D9CB00E81D9 /* Products */ = {
			isa = PBXGroup;
			children = (
				DE4DB7EB18F26C2F7B01AD01 /* BalooScreenApplicaton.app */,
				DE4DBF9EAF70049E409F21D1 /* BalooScreenApplicatonTests.xctest */,
				DE4DB3AF2B8B5F2F508B8233 /* BalooScreenApplicatonUITests.xctest */,
			);
			name = Products;
			sourceTree = "<group>";
		};
/* End PBXGroup section */

/* Begin PBXNativeTarget section */
		DE4DB008A1EBA2A9185A94BC /* BalooScreenApplicatonTests */ = {
			isa = PBXNativeTarget;
			buildConfigurationList = DE4DB12C570CFCA2825AC0F3 /* Build configuration list for PBXNativeTarget "BalooScreenApplicatonTests" */;
			buildPhases = (
				DE4DBAEF19B5C63666B8058E /* Sources */,
				DE4DBF330F430918614CA4F9 /* Frameworks */,
				DE4DBE886E5314025A64D96A /* Resources */,
			);
			buildRules = (
			);
			dependencies = (
				DE4DBFEB7DE9034EED5F4851 /* PBXTargetDependency */,
			);
			name = BalooScreenApplicatonTests;
			productName = BalooScreenApplicatonTests;
			productReference = DE4DBF9EAF70049E409F21D1 /* BalooScreenApplicatonTests.xctest */;
			productType = "com.apple.product-type.bundle.unit-test";
		};
		DE4DB7BC6D2CAF8F06DBBF11 /* BalooScreenApplicaton */ = {
			isa = PBXNativeTarget;
			buildConfigurationList = DE4DB6B2492BEF4292C7FAFE /* Build configuration list for PBXNativeTarget "BalooScreenApplicaton" */;
			buildPhases = (
				DE4DBA1113E0D5371CD0B43C /* Sources */,
				DE4DB444FDCB79F9DCE6FA6F /* Frameworks */,
				DE4DB22DD49A205B1971C1B0 /* Resources */,
			);
			buildRules = (
			);
			dependencies = (
			);
			name = BalooScreenApplicaton;
			productName = BalooScreenApplicaton;
			productReference = DE4DB7EB18F26C2F7B01AD01 /* BalooScreenApplicaton.app */;
			productType = "com.apple.product-type.application";
		};
		DE4DBDEE7B2572D566ED9F0D /* BalooScreenApplicatonUITests */ = {
			isa = PBXNativeTarget;
			buildConfigurationList = DE4DB6F4FAC71017BE254166 /* Build configuration list for PBXNativeTarget "BalooScreenApplicatonUITests" */;
			buildPhases = (
				DE4DB5B400368B8F2501530C /* Sources */,
				DE4DBA130A0609CEC6D35B64 /* Frameworks */,
				DE4DBD25AE3E2489DEDB3842 /* Resources */,
			);
			buildRules = (
			);
			dependencies = (
				DE4DB9AB58454BA94118CF03 /* PBXTargetDependency */,
			);
			name = BalooScreenApplicatonUITests;
			productName = BalooScreenApplicatonUITests;
			productReference = DE4DB3AF2B8B5F2F508B8233 /* BalooScreenApplicatonUITests.xctest */;
			productType = "com.apple.product-type.bundle.ui-testing";
		};
/* End PBXNativeTarget section */

/* Begin PBXProject section */
		DE4DBC67EA5468B340C1A4C6 /* Project object */ = {
			isa = PBXProject;
			attributes = {
				ORGANIZATIONNAME = Vanilla;
			};
			buildConfigurationList = DE4DBA09FF783B3FC49D367D /* Build configuration list for PBXProject "BalooScreenApplicaton" */;
			compatibilityVersion = "Xcode 3.2";
			developmentRegion = English;
			hasScannedForEncodings = 0;
			knownRegions = (
				en,
			);
			mainGroup = DE4DB4A75AACAAAFCBDB4106;
			productRefGroup = DE4DBDADBB4B9D9CB00E81D9 /* Products */;
			projectDirPath = "";
			projectRoot = "";
			targets = (
				DE4DB7BC6D2CAF8F06DBBF11 /* BalooScreenApplicaton */,
				DE4DB008A1EBA2A9185A94BC /* BalooScreenApplicatonTests */,
				DE4DBDEE7B2572D566ED9F0D /* BalooScreenApplicatonUITests */,
			);
		};
/* End PBXProject section */

/* Begin PBXResourcesBuildPhase section */
		DE4DB22DD49A205B1971C1B0 /* Resources */ = {
			isa = PBXResourcesBuildPhase;
			buildActionMask = 2147483647;
			files = (
				81F036F4206F71800006FC8D /* Settings.storyboard in Resources */,
				814F3427206EAA7B00C8BB33 /* fullscreen_icon.png in Resources */,
				DE4DB44BB8485EB3366038B8 /* Assets.xcassets in Resources */,
				DE4DB945E2CD8B438C8804A7 /* Main.storyboard in Resources */,
				814F342B206EAFD500C8BB33 /* customscreen_icon.png in Resources */,
				DE4DB2F26B12EF6AD1CE764E /* save_icon.png in Resources */,
				81F036E8206F6BDA0006FC8D /* settings_icon.png in Resources */,
			);
			runOnlyForDeploymentPostprocessing = 0;
		};
		DE4DBD25AE3E2489DEDB3842 /* Resources */ = {
			isa = PBXResourcesBuildPhase;
			buildActionMask = 2147483647;
			files = (
			);
			runOnlyForDeploymentPostprocessing = 0;
		};
		DE4DBE886E5314025A64D96A /* Resources */ = {
			isa = PBXResourcesBuildPhase;
			buildActionMask = 2147483647;
			files = (
			);
			runOnlyForDeploymentPostprocessing = 0;
		};
/* End PBXResourcesBuildPhase section */

/* Begin PBXSourcesBuildPhase section */
		DE4DB5B400368B8F2501530C /* Sources */ = {
			isa = PBXSourcesBuildPhase;
			buildActionMask = 2147483647;
			files = (
				DE4DBF5DA10357296068B7F5 /* BalooScreenApplicatonUITests.swift in Sources */,
			);
			runOnlyForDeploymentPostprocessing = 0;
		};
		DE4DBA1113E0D5371CD0B43C /* Sources */ = {
			isa = PBXSourcesBuildPhase;
			buildActionMask = 2147483647;
			files = (
				DE4DB3E09B1F53CB7E87DF8B /* AppDelegate.swift in Sources */,
				DE4DB1A52B264421CB48D424 /* ViewController.swift in Sources */,
				81F036E6206EDB2D0006FC8D /* MainWindowController.swift in Sources */,
				81F036F2206F70AF0006FC8D /* SettingsWindowController.swift in Sources */,
				DE4DB6C7E603859EDEBE9D52 /* Titles.swift in Sources */,
				DE4DB82EF62DADA7A722B9CC /* ApplicationStoryboards.swift in Sources */,
			);
			runOnlyForDeploymentPostprocessing = 0;
		};
		DE4DBAEF19B5C63666B8058E /* Sources */ = {
			isa = PBXSourcesBuildPhase;
			buildActionMask = 2147483647;
			files = (
				DE4DBFB24C2F53EC49D6F606 /* BalooScreenApplicatonTests.swift in Sources */,
			);
			runOnlyForDeploymentPostprocessing = 0;
		};
/* End PBXSourcesBuildPhase section */

/* Begin PBXTargetDependency section */
		DE4DB9AB58454BA94118CF03 /* PBXTargetDependency */ = {
			isa = PBXTargetDependency;
			target = DE4DB7BC6D2CAF8F06DBBF11 /* BalooScreenApplicaton */;
			targetProxy = DE4DBF8DAB3F46249C5FA8D1 /* PBXContainerItemProxy */;
		};
		DE4DBFEB7DE9034EED5F4851 /* PBXTargetDependency */ = {
			isa = PBXTargetDependency;
			target = DE4DB7BC6D2CAF8F06DBBF11 /* BalooScreenApplicaton */;
			targetProxy = DE4DB199BD69079150527FF7 /* PBXContainerItemProxy */;
		};
/* End PBXTargetDependency section */

/* Begin PBXVariantGroup section */
		DE4DBFA8165C5E286CF146CC /* Main.storyboard */ = {
			isa = PBXVariantGroup;
			children = (
				DE4DBB58EACBA7B3CD0AD780 /* Base */,
			);
			name = Main.storyboard;
			sourceTree = "<group>";
		};
/* End PBXVariantGroup section */

/* Begin XCBuildConfiguration section */
		DE4DB1E392027A7FC5E05D20 /* Debug */ = {
			isa = XCBuildConfiguration;
			buildSettings = {
				ASSETCATALOG_COMPILER_APPICON_NAME = AppIcon;
				CODE_SIGN_ENTITLEMENTS = BalooScreenApplicaton/BalooScreenApplicaton.entitlements;
				COMBINE_HIDPI_IMAGES = YES;
				INFOPLIST_FILE = BalooScreenApplicaton/Info.plist;
				LD_RUNPATH_SEARCH_PATHS = "$(inherited) @executable_path/../Frameworks";
				PRODUCT_BUNDLE_IDENTIFIER = vanilla.BalooScreenApplicaton;
				PRODUCT_NAME = "$(TARGET_NAME)";
				SWIFT_VERSION = 4.0;
			};
			name = Debug;
		};
		DE4DB275DD79F2A03DC4EFF9 /* Release */ = {
			isa = XCBuildConfiguration;
			buildSettings = {
				ASSETCATALOG_COMPILER_APPICON_NAME = AppIcon;
				CODE_SIGN_ENTITLEMENTS = BalooScreenApplicaton/BalooScreenApplicaton.entitlements;
				COMBINE_HIDPI_IMAGES = YES;
				INFOPLIST_FILE = BalooScreenApplicaton/Info.plist;
				LD_RUNPATH_SEARCH_PATHS = "$(inherited) @executable_path/../Frameworks";
				PRODUCT_BUNDLE_IDENTIFIER = vanilla.BalooScreenApplicaton;
				PRODUCT_NAME = "$(TARGET_NAME)";
				SWIFT_VERSION = 4.0;
			};
			name = Release;
		};
		DE4DB3BA7A3508CE7B9C8372 /* Release */ = {
			isa = XCBuildConfiguration;
			buildSettings = {
				BUNDLE_LOADER = "$(BUILT_PRODUCTS_DIR)/BalooScreenApplicaton.app/Contents/MacOS/BalooScreenApplicaton";
				COMBINE_HIDPI_IMAGES = YES;
				INFOPLIST_FILE = BalooScreenApplicatonTests/Info.plist;
				LD_RUNPATH_SEARCH_PATHS = "$(inherited) @executable_path/../Frameworks @loader_path/../Frameworks";
				PRODUCT_BUNDLE_IDENTIFIER = vanilla.BalooScreenApplicatonTests;
				PRODUCT_NAME = "$(TARGET_NAME)";
				SWIFT_VERSION = 4.0;
				TEST_HOST = "$(BUNDLE_LOADER)";
			};
			name = Release;
		};
		DE4DB3EF0489045CE0BA8B28 /* Debug */ = {
			isa = XCBuildConfiguration;
			buildSettings = {
				BUNDLE_LOADER = "$(BUILT_PRODUCTS_DIR)/BalooScreenApplicaton.app/Contents/MacOS/BalooScreenApplicaton";
				COMBINE_HIDPI_IMAGES = YES;
				INFOPLIST_FILE = BalooScreenApplicatonTests/Info.plist;
				LD_RUNPATH_SEARCH_PATHS = "$(inherited) @executable_path/../Frameworks @loader_path/../Frameworks";
				PRODUCT_BUNDLE_IDENTIFIER = vanilla.BalooScreenApplicatonTests;
				PRODUCT_NAME = "$(TARGET_NAME)";
				SWIFT_VERSION = 4.0;
				TEST_HOST = "$(BUNDLE_LOADER)";
			};
			name = Debug;
		};
		DE4DB86007A0B1D0F2B19098 /* Release */ = {
			isa = XCBuildConfiguration;
			buildSettings = {
				ALWAYS_SEARCH_USER_PATHS = NO;
				CLANG_ANALYZER_NONNULL = YES;
				CLANG_ANALYZER_NUMBER_OBJECT_CONVERSION = YES_AGGRESSIVE;
				CLANG_CXX_LANGUAGE_STANDARD = "gnu++14";
				CLANG_CXX_LIBRARY = "libc++";
				CLANG_ENABLE_MODULES = YES;
				CLANG_ENABLE_OBJC_ARC = YES;
				CLANG_ENABLE_OBJC_WEAK = YES;
				CLANG_WARN_BLOCK_CAPTURE_AUTORELEASING = YES;
				CLANG_WARN_BOOL_CONVERSION = YES;
				CLANG_WARN_COMMA = YES;
				CLANG_WARN_CONSTANT_CONVERSION = YES;
				CLANG_WARN_DEPRECATED_OBJC_IMPLEMENTATIONS = YES;
				CLANG_WARN_DIRECT_OBJC_ISA_USAGE = YES_ERROR;
				CLANG_WARN_DOCUMENTATION_COMMENTS = YES;
				CLANG_WARN_EMPTY_BODY = YES;
				CLANG_WARN_ENUM_CONVERSION = YES;
				CLANG_WARN_INFINITE_RECURSION = YES;
				CLANG_WARN_INT_CONVERSION = YES;
				CLANG_WARN_NON_LITERAL_NULL_CONVERSION = YES;
				CLANG_WARN_OBJC_IMPLICIT_RETAIN_SELF = YES;
				CLANG_WARN_OBJC_LITERAL_CONVERSION = YES;
				CLANG_WARN_OBJC_ROOT_CLASS = YES_ERROR;
				CLANG_WARN_RANGE_LOOP_ANALYSIS = YES;
				CLANG_WARN_STRICT_PROTOTYPES = YES;
				CLANG_WARN_SUSPICIOUS_MOVE = YES;
				CLANG_WARN_UNGUARDED_AVAILABILITY = YES_AGGRESSIVE;
				CLANG_WARN_UNREACHABLE_CODE = YES;
				CLANG_WARN__DUPLICATE_METHOD_MATCH = YES;
				CODE_SIGN_IDENTITY = "-";
				COPY_PHASE_STRIP = NO;
				DEBUG_INFORMATION_FORMAT = "dwarf-with-dsym";
				ENABLE_NS_ASSERTIONS = NO;
				ENABLE_STRICT_OBJC_MSGSEND = YES;
				GCC_C_LANGUAGE_STANDARD = gnu11;
				GCC_NO_COMMON_BLOCKS = YES;
				GCC_WARN_64_TO_32_BIT_CONVERSION = YES;
				GCC_WARN_ABOUT_RETURN_TYPE = YES_ERROR;
				GCC_WARN_UNDECLARED_SELECTOR = YES;
				GCC_WARN_UNINITIALIZED_AUTOS = YES_AGGRESSIVE;
				GCC_WARN_UNUSED_FUNCTION = YES;
				GCC_WARN_UNUSED_VARIABLE = YES;
				MACOSX_DEPLOYMENT_TARGET = 10.13;
				MTL_ENABLE_DEBUG_INFO = NO;
				SDKROOT = macosx;
				SWIFT_OPTIMIZATION_LEVEL = "-Owholemodule";
			};
			name = Release;
		};
		DE4DB895362E24D7114C35EE /* Debug */ = {
			isa = XCBuildConfiguration;
			buildSettings = {
				COMBINE_HIDPI_IMAGES = YES;
				INFOPLIST_FILE = BalooScreenApplicatonUITests/Info.plist;
				LD_RUNPATH_SEARCH_PATHS = "$(inherited) @executable_path/../Frameworks @loader_path/../Frameworks";
				PRODUCT_BUNDLE_IDENTIFIER = vanilla.BalooScreenApplicatonUITests;
				PRODUCT_NAME = "$(TARGET_NAME)";
				SWIFT_VERSION = 4.0;
				TEST_TARGET_NAME = BalooScreenApplicaton;
			};
			name = Debug;
		};
		DE4DBA153A5D596134E84131 /* Release */ = {
			isa = XCBuildConfiguration;
			buildSettings = {
				COMBINE_HIDPI_IMAGES = YES;
				INFOPLIST_FILE = BalooScreenApplicatonUITests/Info.plist;
				LD_RUNPATH_SEARCH_PATHS = "$(inherited) @executable_path/../Frameworks @loader_path/../Frameworks";
				PRODUCT_BUNDLE_IDENTIFIER = vanilla.BalooScreenApplicatonUITests;
				PRODUCT_NAME = "$(TARGET_NAME)";
				SWIFT_VERSION = 4.0;
				TEST_TARGET_NAME = BalooScreenApplicaton;
			};
			name = Release;
		};
		DE4DBF5EE05BBB9AD5AD9F2A /* Debug */ = {
			isa = XCBuildConfiguration;
			buildSettings = {
				ALWAYS_SEARCH_USER_PATHS = NO;
				CLANG_ANALYZER_NONNULL = YES;
				CLANG_ANALYZER_NUMBER_OBJECT_CONVERSION = YES_AGGRESSIVE;
				CLANG_CXX_LANGUAGE_STANDARD = "gnu++14";
				CLANG_CXX_LIBRARY = "libc++";
				CLANG_ENABLE_MODULES = YES;
				CLANG_ENABLE_OBJC_ARC = YES;
				CLANG_ENABLE_OBJC_WEAK = YES;
				CLANG_WARN_BLOCK_CAPTURE_AUTORELEASING = YES;
				CLANG_WARN_BOOL_CONVERSION = YES;
				CLANG_WARN_COMMA = YES;
				CLANG_WARN_CONSTANT_CONVERSION = YES;
				CLANG_WARN_DEPRECATED_OBJC_IMPLEMENTATIONS = YES;
				CLANG_WARN_DIRECT_OBJC_ISA_USAGE = YES_ERROR;
				CLANG_WARN_DOCUMENTATION_COMMENTS = YES;
				CLANG_WARN_EMPTY_BODY = YES;
				CLANG_WARN_ENUM_CONVERSION = YES;
				CLANG_WARN_INFINITE_RECURSION = YES;
				CLANG_WARN_INT_CONVERSION = YES;
				CLANG_WARN_NON_LITERAL_NULL_CONVERSION = YES;
				CLANG_WARN_OBJC_IMPLICIT_RETAIN_SELF = YES;
				CLANG_WARN_OBJC_LITERAL_CONVERSION = YES;
				CLANG_WARN_OBJC_ROOT_CLASS = YES_ERROR;
				CLANG_WARN_RANGE_LOOP_ANALYSIS = YES;
				CLANG_WARN_STRICT_PROTOTYPES = YES;
				CLANG_WARN_SUSPICIOUS_MOVE = YES;
				CLANG_WARN_UNGUARDED_AVAILABILITY = YES_AGGRESSIVE;
				CLANG_WARN_UNREACHABLE_CODE = YES;
				CLANG_WARN__DUPLICATE_METHOD_MATCH = YES;
				CODE_SIGN_IDENTITY = "-";
				COPY_PHASE_STRIP = NO;
				DEBUG_INFORMATION_FORMAT = dwarf;
				ENABLE_STRICT_OBJC_MSGSEND = YES;
				ENABLE_TESTABILITY = YES;
				GCC_C_LANGUAGE_STANDARD = gnu11;
				GCC_DYNAMIC_NO_PIC = NO;
				GCC_NO_COMMON_BLOCKS = YES;
				GCC_OPTIMIZATION_LEVEL = 0;
				GCC_PREPROCESSOR_DEFINITIONS = (
					"DEBUG=1",
					"$(inherited)",
				);
				GCC_WARN_64_TO_32_BIT_CONVERSION = YES;
				GCC_WARN_ABOUT_RETURN_TYPE = YES_ERROR;
				GCC_WARN_UNDECLARED_SELECTOR = YES;
				GCC_WARN_UNINITIALIZED_AUTOS = YES_AGGRESSIVE;
				GCC_WARN_UNUSED_FUNCTION = YES;
				GCC_WARN_UNUSED_VARIABLE = YES;
				MACOSX_DEPLOYMENT_TARGET = 10.13;
				MTL_ENABLE_DEBUG_INFO = YES;
				ONLY_ACTIVE_ARCH = YES;
				SDKROOT = macosx;
				SWIFT_ACTIVE_COMPILATION_CONDITIONS = DEBUG;
				SWIFT_OPTIMIZATION_LEVEL = "-Onone";
			};
			name = Debug;
		};
/* End XCBuildConfiguration section */

/* Begin XCConfigurationList section */
		DE4DB12C570CFCA2825AC0F3 /* Build configuration list for PBXNativeTarget "BalooScreenApplicatonTests" */ = {
			isa = XCConfigurationList;
			buildConfigurations = (
				DE4DB3EF0489045CE0BA8B28 /* Debug */,
				DE4DB3BA7A3508CE7B9C8372 /* Release */,
			);
			defaultConfigurationIsVisible = 0;
			defaultConfigurationName = Release;
		};
		DE4DB6B2492BEF4292C7FAFE /* Build configuration list for PBXNativeTarget "BalooScreenApplicaton" */ = {
			isa = XCConfigurationList;
			buildConfigurations = (
				DE4DB1E392027A7FC5E05D20 /* Debug */,
				DE4DB275DD79F2A03DC4EFF9 /* Release */,
			);
			defaultConfigurationIsVisible = 0;
			defaultConfigurationName = Release;
		};
		DE4DB6F4FAC71017BE254166 /* Build configuration list for PBXNativeTarget "BalooScreenApplicatonUITests" */ = {
			isa = XCConfigurationList;
			buildConfigurations = (
				DE4DB895362E24D7114C35EE /* Debug */,
				DE4DBA153A5D596134E84131 /* Release */,
			);
			defaultConfigurationIsVisible = 0;
			defaultConfigurationName = Release;
		};
		DE4DBA09FF783B3FC49D367D /* Build configuration list for PBXProject "BalooScreenApplicaton" */ = {
			isa = XCConfigurationList;
			buildConfigurations = (
				DE4DBF5EE05BBB9AD5AD9F2A /* Debug */,
				DE4DB86007A0B1D0F2B19098 /* Release */,
			);
			defaultConfigurationIsVisible = 0;
			defaultConfigurationName = Release;
		};
/* End XCConfigurationList section */
	};
	rootObject = DE4DBC67EA5468B340C1A4C6 /* Project object */;
}
